
Microsoft Visual Studio Solution File, Format Version 12.00
# Visual Studio Version 17
VisualStudioVersion = 17.2.32630.192
MinimumVisualStudioVersion = 10.0.40219.1
Project("{9A19103F-16F7-4668-BE54-9A1E7A4F7556}") = "WeatherShow", "WeatherShow\WeatherShow.csproj", "{8F35AFA2-C44A-4E01-AF7B-EFE72FC64553}"
EndProject
Project("{2150E333-8FDC-42A3-9474-1A3956D46DE8}") = "Обработчик", "Обработчик", "{F227BF81-1012-4AC9-9877-411AEB98B2CD}"
	ProjectSection(SolutionItems) = preProject
		WeatherShow\location.cs = WeatherShow\location.cs
		WeatherShow\WeatherResponseApp.cs = WeatherShow\WeatherResponseApp.cs
	EndProjectSection
EndProject
Global
	GlobalSection(SolutionConfigurationPlatforms) = preSolution
		Debug|Any CPU = Debug|Any CPU
		Release|Any CPU = Release|Any CPU
	EndGlobalSection
	GlobalSection(ProjectConfigurationPlatforms) = postSolution
		{8F35AFA2-C44A-4E01-AF7B-EFE72FC64553}.Debug|Any CPU.ActiveCfg = Debug|Any CPU
		{8F35AFA2-C44A-4E01-AF7B-EFE72FC64553}.Debug|Any CPU.Build.0 = Debug|Any CPU
		{8F35AFA2-C44A-4E01-AF7B-EFE72FC64553}.Release|Any CPU.ActiveCfg = Release|Any CPU
		{8F35AFA2-C44A-4E01-AF7B-EFE72FC64553}.Release|Any CPU.Build.0 = Release|Any CPU
	EndGlobalSection
	GlobalSection(SolutionProperties) = preSolution
		HideSolutionNode = FALSE
	EndGlobalSection
	GlobalSection(ExtensibilityGlobals) = postSolution
		SolutionGuid = {542F91E8-8FEE-4E1D-9139-05B0B1B6E4C8}
	EndGlobalSection
EndGlobal
